
Microsoft Visual Studio Solution File, Format Version 12.00
# Visual Studio Version 17
VisualStudioVersion = 17.12.35707.178
MinimumVisualStudioVersion = 10.0.40219.1
Project("{FAE04EC0-301F-11D3-BF4B-00C04F79EFBC}") = "CRMSystem.EntityLayer", "CRMSystem.EntityLayer\CRMSystem.EntityLayer.csproj", "{58D0F230-6110-4619-9C17-010D595C8888}"
EndProject
Project("{FAE04EC0-301F-11D3-BF4B-00C04F79EFBC}") = "CRMSystem.DataAccessLayer", "CRMSystem.DataAccessLayer\CRMSystem.DataAccessLayer.csproj", "{0DEF8F2C-8CCD-4B5C-823E-F9457B5B9545}"
EndProject
Project("{FAE04EC0-301F-11D3-BF4B-00C04F79EFBC}") = "CRMSystemApi", "CRMSystemApi\CRMSystemApi.csproj", "{D59BFF93-9F87-4B1A-842C-DA10DC2211C1}"
EndProject
Project("{FAE04EC0-301F-11D3-BF4B-00C04F79EFBC}") = "CRM.BusinessLayer", "CRM.BusinessLayer\CRM.BusinessLayer.csproj", "{88209613-14F7-4793-BC5C-B7E95AB909A1}"
EndProject
Project("{FAE04EC0-301F-11D3-BF4B-00C04F79EFBC}") = "CRMSystem.DtoLayer", "CRMSystem.DtoLayer\CRMSystem.DtoLayer.csproj", "{39ED1D5D-BBBD-47DA-85C3-CDC2B9A4C2A5}"
EndProject
Global
	GlobalSection(SolutionConfigurationPlatforms) = preSolution
		Debug|Any CPU = Debug|Any CPU
		Release|Any CPU = Release|Any CPU
	EndGlobalSection
	GlobalSection(ProjectConfigurationPlatforms) = postSolution
		{58D0F230-6110-4619-9C17-010D595C8888}.Debug|Any CPU.ActiveCfg = Debug|Any CPU
		{58D0F230-6110-4619-9C17-010D595C8888}.Debug|Any CPU.Build.0 = Debug|Any CPU
		{58D0F230-6110-4619-9C17-010D595C8888}.Release|Any CPU.ActiveCfg = Release|Any CPU
		{58D0F230-6110-4619-9C17-010D595C8888}.Release|Any CPU.Build.0 = Release|Any CPU
		{0DEF8F2C-8CCD-4B5C-823E-F9457B5B9545}.Debug|Any CPU.ActiveCfg = Debug|Any CPU
		{0DEF8F2C-8CCD-4B5C-823E-F9457B5B9545}.Debug|Any CPU.Build.0 = Debug|Any CPU
		{0DEF8F2C-8CCD-4B5C-823E-F9457B5B9545}.Release|Any CPU.ActiveCfg = Release|Any CPU
		{0DEF8F2C-8CCD-4B5C-823E-F9457B5B9545}.Release|Any CPU.Build.0 = Release|Any CPU
		{D59BFF93-9F87-4B1A-842C-DA10DC2211C1}.Debug|Any CPU.ActiveCfg = Debug|Any CPU
		{D59BFF93-9F87-4B1A-842C-DA10DC2211C1}.Debug|Any CPU.Build.0 = Debug|Any CPU
		{D59BFF93-9F87-4B1A-842C-DA10DC2211C1}.Release|Any CPU.ActiveCfg = Release|Any CPU
		{D59BFF93-9F87-4B1A-842C-DA10DC2211C1}.Release|Any CPU.Build.0 = Release|Any CPU
		{88209613-14F7-4793-BC5C-B7E95AB909A1}.Debug|Any CPU.ActiveCfg = Debug|Any CPU
		{88209613-14F7-4793-BC5C-B7E95AB909A1}.Debug|Any CPU.Build.0 = Debug|Any CPU
		{88209613-14F7-4793-BC5C-B7E95AB909A1}.Release|Any CPU.ActiveCfg = Release|Any CPU
		{88209613-14F7-4793-BC5C-B7E95AB909A1}.Release|Any CPU.Build.0 = Release|Any CPU
		{39ED1D5D-BBBD-47DA-85C3-CDC2B9A4C2A5}.Debug|Any CPU.ActiveCfg = Debug|Any CPU
		{39ED1D5D-BBBD-47DA-85C3-CDC2B9A4C2A5}.Debug|Any CPU.Build.0 = Debug|Any CPU
		{39ED1D5D-BBBD-47DA-85C3-CDC2B9A4C2A5}.Release|Any CPU.ActiveCfg = Release|Any CPU
		{39ED1D5D-BBBD-47DA-85C3-CDC2B9A4C2A5}.Release|Any CPU.Build.0 = Release|Any CPU
	EndGlobalSection
	GlobalSection(SolutionProperties) = preSolution
		HideSolutionNode = FALSE
	EndGlobalSection
EndGlobal
